
Microsoft Visual Studio Solution File, Format Version 12.00
# Visual Studio Version 17
VisualStudioVersion = 17.7.34031.279
MinimumVisualStudioVersion = 10.0.40219.1
Project("{9A19103F-16F7-4668-BE54-9A1E7A4F7556}") = "Disaheim", "Disaheim\Disaheim.csproj", "{AABCEF17-ADA7-437D-B6D3-1755C7E8A2D0}"
EndProject
Project("{9A19103F-16F7-4668-BE54-9A1E7A4F7556}") = "DisaheimTest", "DisaheimTest\DisaheimTest.csproj", "{F2AC8CC3-17F8-46EC-8B57-780A8AA791E4}"
EndProject
Project("{FAE04EC0-301F-11D3-BF4B-00C04F79EFBC}") = "UtilityLib", "UtilityLib\UtilityLib.csproj", "{75D694BB-F5A9-4170-9C57-5AC49A49CD12}"
EndProject
Global
	GlobalSection(SolutionConfigurationPlatforms) = preSolution
		Debug|Any CPU = Debug|Any CPU
		Release|Any CPU = Release|Any CPU
	EndGlobalSection
	GlobalSection(ProjectConfigurationPlatforms) = postSolution
		{AABCEF17-ADA7-437D-B6D3-1755C7E8A2D0}.Debug|Any CPU.ActiveCfg = Debug|Any CPU
		{AABCEF17-ADA7-437D-B6D3-1755C7E8A2D0}.Debug|Any CPU.Build.0 = Debug|Any CPU
		{AABCEF17-ADA7-437D-B6D3-1755C7E8A2D0}.Release|Any CPU.ActiveCfg = Release|Any CPU
		{AABCEF17-ADA7-437D-B6D3-1755C7E8A2D0}.Release|Any CPU.Build.0 = Release|Any CPU
		{F2AC8CC3-17F8-46EC-8B57-780A8AA791E4}.Debug|Any CPU.ActiveCfg = Debug|Any CPU
		{F2AC8CC3-17F8-46EC-8B57-780A8AA791E4}.Debug|Any CPU.Build.0 = Debug|Any CPU
		{F2AC8CC3-17F8-46EC-8B57-780A8AA791E4}.Release|Any CPU.ActiveCfg = Release|Any CPU
		{F2AC8CC3-17F8-46EC-8B57-780A8AA791E4}.Release|Any CPU.Build.0 = Release|Any CPU
		{75D694BB-F5A9-4170-9C57-5AC49A49CD12}.Debug|Any CPU.ActiveCfg = Debug|Any CPU
		{75D694BB-F5A9-4170-9C57-5AC49A49CD12}.Debug|Any CPU.Build.0 = Debug|Any CPU
		{75D694BB-F5A9-4170-9C57-5AC49A49CD12}.Release|Any CPU.ActiveCfg = Release|Any CPU
		{75D694BB-F5A9-4170-9C57-5AC49A49CD12}.Release|Any CPU.Build.0 = Release|Any CPU
	EndGlobalSection
	GlobalSection(SolutionProperties) = preSolution
		HideSolutionNode = FALSE
	EndGlobalSection
	GlobalSection(ExtensibilityGlobals) = postSolution
		SolutionGuid = {B0FA46E4-AD0E-4214-AB13-C4EDE0DE17A8}
	EndGlobalSection
EndGlobal
