
Microsoft Visual Studio Solution File, Format Version 12.00
# Visual Studio Version 17
VisualStudioVersion = 17.7.34024.191
MinimumVisualStudioVersion = 10.0.40219.1
Project("{FAE04EC0-301F-11D3-BF4B-00C04F79EFBC}") = "MenuSystem", "MenuSystem\MenuSystem.csproj", "{5B5F9B37-24CB-4A01-B149-AC40D643B830}"
EndProject
Global
	GlobalSection(SolutionConfigurationPlatforms) = preSolution
		Debug|Any CPU = Debug|Any CPU
		Release|Any CPU = Release|Any CPU
	EndGlobalSection
	GlobalSection(ProjectConfigurationPlatforms) = postSolution
		{5B5F9B37-24CB-4A01-B149-AC40D643B830}.Debug|Any CPU.ActiveCfg = Debug|Any CPU
		{5B5F9B37-24CB-4A01-B149-AC40D643B830}.Debug|Any CPU.Build.0 = Debug|Any CPU
		{5B5F9B37-24CB-4A01-B149-AC40D643B830}.Release|Any CPU.ActiveCfg = Release|Any CPU
		{5B5F9B37-24CB-4A01-B149-AC40D643B830}.Release|Any CPU.Build.0 = Release|Any CPU
	EndGlobalSection
	GlobalSection(SolutionProperties) = preSolution
		HideSolutionNode = FALSE
	EndGlobalSection
	GlobalSection(ExtensibilityGlobals) = postSolution
		SolutionGuid = {F44DF761-F9BE-4934-83D8-FD8729E7B12A}
	EndGlobalSection
EndGlobal
